// !$*UTF8*$!
{
	archiveVersion = 1;
	classes = {
	};
	objectVersion = 55;
	objects = {

/* Begin PBXBuildFile section */
		BB1D47B8284A448100FC42ED /* LessPhoneApp.swift in Sources */ = {isa = PBXBuildFile; fileRef = BB1D47B7284A448100FC42ED /* LessPhoneApp.swift */; };
		BB1D47BA284A448100FC42ED /* ContentView.swift in Sources */ = {isa = PBXBuildFile; fileRef = BB1D47B9284A448100FC42ED /* ContentView.swift */; };
		BB1D47BC284A448400FC42ED /* Assets.xcassets in Resources */ = {isa = PBXBuildFile; fileRef = BB1D47BB284A448400FC42ED /* Assets.xcassets */; };
		BB1D47BF284A448400FC42ED /* Preview Assets.xcassets in Resources */ = {isa = PBXBuildFile; fileRef = BB1D47BE284A448400FC42ED /* Preview Assets.xcassets */; };
		BB1D47C6284A50D700FC42ED /* KeepAliveManager.swift in Sources */ = {isa = PBXBuildFile; fileRef = BB1D47C5284A50D700FC42ED /* KeepAliveManager.swift */; };
		BB2D9370284A69670065BD20 /* DebugTool.swift in Sources */ = {isa = PBXBuildFile; fileRef = BB2D936F284A69670065BD20 /* DebugTool.swift */; };
		BB48F97B288555FC009709BD /* CustomPickerView.swift in Sources */ = {isa = PBXBuildFile; fileRef = BB48F97A288555FC009709BD /* CustomPickerView.swift */; };
		BB48F97F2885565E009709BD /* CardView.swift in Sources */ = {isa = PBXBuildFile; fileRef = BB48F97E2885565E009709BD /* CardView.swift */; };
		BB551ED02886BB9600F47DFB /* AudioManager.swift in Sources */ = {isa = PBXBuildFile; fileRef = BB551ECF2886BB9600F47DFB /* AudioManager.swift */; };
		BB551ED32886BC0F00F47DFB /* WhatYouWant.mp3 in Resources */ = {isa = PBXBuildFile; fileRef = BB551ED22886BC0F00F47DFB /* WhatYouWant.mp3 */; };
		BB551ED62886D67900F47DFB /* CustomCheckBoxListView.swift in Sources */ = {isa = PBXBuildFile; fileRef = BB551ED52886D67900F47DFB /* CustomCheckBoxListView.swift */; };
		BB551ED82887E86E00F47DFB /* UITools.swift in Sources */ = {isa = PBXBuildFile; fileRef = BB551ED72887E86E00F47DFB /* UITools.swift */; };
		BB551EDA2888273C00F47DFB /* PickerView.swift in Sources */ = {isa = PBXBuildFile; fileRef = BB551ED92888273C00F47DFB /* PickerView.swift */; };
		BB551EDC2888299A00F47DFB /* SwiftUIPickerView.swift in Sources */ = {isa = PBXBuildFile; fileRef = BB551EDB2888299A00F47DFB /* SwiftUIPickerView.swift */; };
		BB842309288145CC000B2920 /* MainCardView.swift in Sources */ = {isa = PBXBuildFile; fileRef = BB842308288145CC000B2920 /* MainCardView.swift */; };
		BB84230B288145E9000B2920 /* PreferenceView.swift in Sources */ = {isa = PBXBuildFile; fileRef = BB84230A288145E9000B2920 /* PreferenceView.swift */; };
		BB84230F28854B7D000B2920 /* Utils.swift in Sources */ = {isa = PBXBuildFile; fileRef = BB84230E28854B7D000B2920 /* Utils.swift */; };
		BB84231128854CBD000B2920 /* Color.xcassets in Resources */ = {isa = PBXBuildFile; fileRef = BB84231028854CBD000B2920 /* Color.xcassets */; };
		BB842313288551DF000B2920 /* CircularProgressView.swift in Sources */ = {isa = PBXBuildFile; fileRef = BB842312288551DF000B2920 /* CircularProgressView.swift */; };
		BBA97B95284B7D83000F5C34 /* EventBus.swift in Sources */ = {isa = PBXBuildFile; fileRef = BBA97B94284B7D83000F5C34 /* EventBus.swift */; };
		BBA97B97284CA60E000F5C34 /* Storage.swift in Sources */ = {isa = PBXBuildFile; fileRef = BBA97B96284CA60E000F5C34 /* Storage.swift */; };
		BBA97BFF284CC626000F5C34 /* LPCoreData.xcdatamodeld in Sources */ = {isa = PBXBuildFile; fileRef = BBA97BFD284CC626000F5C34 /* LPCoreData.xcdatamodeld */; };
		BBA97C01284CCC2D000F5C34 /* CoreDataManager.swift in Sources */ = {isa = PBXBuildFile; fileRef = BBA97C00284CCC2D000F5C34 /* CoreDataManager.swift */; };
		BBB6C940288A7107008A54B2 /* Alerter.swift in Sources */ = {isa = PBXBuildFile; fileRef = BBB6C93F288A7107008A54B2 /* Alerter.swift */; };
		BBCE0206286AE0A0008B2E5E /* EventItem+CoreDataClass.swift in Sources */ = {isa = PBXBuildFile; fileRef = BBCE0204286AE0A0008B2E5E /* EventItem+CoreDataClass.swift */; };
		BBCE0207286AE0A0008B2E5E /* EventItem+CoreDataProperties.swift in Sources */ = {isa = PBXBuildFile; fileRef = BBCE0205286AE0A0008B2E5E /* EventItem+CoreDataProperties.swift */; };
		BBCE020A286C2727008B2E5E /* Statistics.swift in Sources */ = {isa = PBXBuildFile; fileRef = BBCE0209286C2727008B2E5E /* Statistics.swift */; };
		BBCE020C286C285C008B2E5E /* Preference.swift in Sources */ = {isa = PBXBuildFile; fileRef = BBCE020B286C285C008B2E5E /* Preference.swift */; };
		BBE5496428573B6B0004EBED /* LocalNotificationManager.swift in Sources */ = {isa = PBXBuildFile; fileRef = BBE5496328573B6B0004EBED /* LocalNotificationManager.swift */; };
/* End PBXBuildFile section */

/* Begin PBXFileReference section */
		BB1D47B4284A448100FC42ED /* LessPhone.app */ = {isa = PBXFileReference; explicitFileType = wrapper.application; includeInIndex = 0; path = LessPhone.app; sourceTree = BUILT_PRODUCTS_DIR; };
		BB1D47B7284A448100FC42ED /* LessPhoneApp.swift */ = {isa = PBXFileReference; lastKnownFileType = sourcecode.swift; path = LessPhoneApp.swift; sourceTree = "<group>"; };
		BB1D47B9284A448100FC42ED /* ContentView.swift */ = {isa = PBXFileReference; lastKnownFileType = sourcecode.swift; path = ContentView.swift; sourceTree = "<group>"; };
		BB1D47BB284A448400FC42ED /* Assets.xcassets */ = {isa = PBXFileReference; lastKnownFileType = folder.assetcatalog; path = Assets.xcassets; sourceTree = "<group>"; };
		BB1D47BE284A448400FC42ED /* Preview Assets.xcassets */ = {isa = PBXFileReference; lastKnownFileType = folder.assetcatalog; path = "Preview Assets.xcassets"; sourceTree = "<group>"; };
		BB1D47C5284A50D700FC42ED /* KeepAliveManager.swift */ = {isa = PBXFileReference; lastKnownFileType = sourcecode.swift; path = KeepAliveManager.swift; sourceTree = "<group>"; };
		BB2D936E284A669D0065BD20 /* Info.plist */ = {isa = PBXFileReference; lastKnownFileType = text.plist; path = Info.plist; sourceTree = "<group>"; };
		BB2D936F284A69670065BD20 /* DebugTool.swift */ = {isa = PBXFileReference; lastKnownFileType = sourcecode.swift; path = DebugTool.swift; sourceTree = "<group>"; };
		BB48F97A288555FC009709BD /* CustomPickerView.swift */ = {isa = PBXFileReference; lastKnownFileType = sourcecode.swift; path = CustomPickerView.swift; sourceTree = "<group>"; };
		BB48F97E2885565E009709BD /* CardView.swift */ = {isa = PBXFileReference; lastKnownFileType = sourcecode.swift; path = CardView.swift; sourceTree = "<group>"; };
		BB551ECF2886BB9600F47DFB /* AudioManager.swift */ = {isa = PBXFileReference; fileEncoding = 4; lastKnownFileType = sourcecode.swift; path = AudioManager.swift; sourceTree = "<group>"; };
		BB551ED22886BC0F00F47DFB /* WhatYouWant.mp3 */ = {isa = PBXFileReference; lastKnownFileType = audio.mp3; path = WhatYouWant.mp3; sourceTree = "<group>"; };
		BB551ED52886D67900F47DFB /* CustomCheckBoxListView.swift */ = {isa = PBXFileReference; lastKnownFileType = sourcecode.swift; path = CustomCheckBoxListView.swift; sourceTree = "<group>"; };
		BB551ED72887E86E00F47DFB /* UITools.swift */ = {isa = PBXFileReference; lastKnownFileType = sourcecode.swift; path = UITools.swift; sourceTree = "<group>"; };
		BB551ED92888273C00F47DFB /* PickerView.swift */ = {isa = PBXFileReference; lastKnownFileType = sourcecode.swift; path = PickerView.swift; sourceTree = "<group>"; };
		BB551EDB2888299A00F47DFB /* SwiftUIPickerView.swift */ = {isa = PBXFileReference; lastKnownFileType = sourcecode.swift; path = SwiftUIPickerView.swift; sourceTree = "<group>"; };
		BB842308288145CC000B2920 /* MainCardView.swift */ = {isa = PBXFileReference; lastKnownFileType = sourcecode.swift; path = MainCardView.swift; sourceTree = "<group>"; };
		BB84230A288145E9000B2920 /* PreferenceView.swift */ = {isa = PBXFileReference; lastKnownFileType = sourcecode.swift; path = PreferenceView.swift; sourceTree = "<group>"; };
		BB84230E28854B7D000B2920 /* Utils.swift */ = {isa = PBXFileReference; lastKnownFileType = sourcecode.swift; path = Utils.swift; sourceTree = "<group>"; };
		BB84231028854CBD000B2920 /* Color.xcassets */ = {isa = PBXFileReference; lastKnownFileType = folder.assetcatalog; path = Color.xcassets; sourceTree = "<group>"; };
		BB842312288551DF000B2920 /* CircularProgressView.swift */ = {isa = PBXFileReference; lastKnownFileType = sourcecode.swift; path = CircularProgressView.swift; sourceTree = "<group>"; };
		BBA97B94284B7D83000F5C34 /* EventBus.swift */ = {isa = PBXFileReference; lastKnownFileType = sourcecode.swift; path = EventBus.swift; sourceTree = "<group>"; };
		BBA97B96284CA60E000F5C34 /* Storage.swift */ = {isa = PBXFileReference; lastKnownFileType = sourcecode.swift; path = Storage.swift; sourceTree = "<group>"; };
		BBA97BFE284CC626000F5C34 /* CoreDataModel.xcdatamodel */ = {isa = PBXFileReference; lastKnownFileType = wrapper.xcdatamodel; path = CoreDataModel.xcdatamodel; sourceTree = "<group>"; };
		BBA97C00284CCC2D000F5C34 /* CoreDataManager.swift */ = {isa = PBXFileReference; lastKnownFileType = sourcecode.swift; path = CoreDataManager.swift; sourceTree = "<group>"; };
		BBB6C93F288A7107008A54B2 /* Alerter.swift */ = {isa = PBXFileReference; lastKnownFileType = sourcecode.swift; path = Alerter.swift; sourceTree = "<group>"; };
		BBCE0204286AE0A0008B2E5E /* EventItem+CoreDataClass.swift */ = {isa = PBXFileReference; lastKnownFileType = sourcecode.swift; path = "EventItem+CoreDataClass.swift"; sourceTree = "<group>"; };
		BBCE0205286AE0A0008B2E5E /* EventItem+CoreDataProperties.swift */ = {isa = PBXFileReference; lastKnownFileType = sourcecode.swift; path = "EventItem+CoreDataProperties.swift"; sourceTree = "<group>"; };
		BBCE0209286C2727008B2E5E /* Statistics.swift */ = {isa = PBXFileReference; lastKnownFileType = sourcecode.swift; path = Statistics.swift; sourceTree = "<group>"; };
		BBCE020B286C285C008B2E5E /* Preference.swift */ = {isa = PBXFileReference; lastKnownFileType = sourcecode.swift; path = Preference.swift; sourceTree = "<group>"; };
		BBE5496328573B6B0004EBED /* LocalNotificationManager.swift */ = {isa = PBXFileReference; lastKnownFileType = sourcecode.swift; path = LocalNotificationManager.swift; sourceTree = "<group>"; };
/* End PBXFileReference section */

/* Begin PBXFrameworksBuildPhase section */
		BB1D47B1284A448100FC42ED /* Frameworks */ = {
			isa = PBXFrameworksBuildPhase;
			buildActionMask = 2147483647;
			files = (
			);
			runOnlyForDeploymentPostprocessing = 0;
		};
/* End PBXFrameworksBuildPhase section */

/* Begin PBXGroup section */
		BB1D47AB284A448100FC42ED = {
			isa = PBXGroup;
			children = (
				BB1D47B6284A448100FC42ED /* LessPhone */,
				BB1D47B5284A448100FC42ED /* Products */,
			);
			sourceTree = "<group>";
		};
		BB1D47B5284A448100FC42ED /* Products */ = {
			isa = PBXGroup;
			children = (
				BB1D47B4284A448100FC42ED /* LessPhone.app */,
			);
			name = Products;
			sourceTree = "<group>";
		};
		BB1D47B6284A448100FC42ED /* LessPhone */ = {
			isa = PBXGroup;
			children = (
				BB1D47B7284A448100FC42ED /* LessPhoneApp.swift */,
				BB551ED42886D5BD00F47DFB /* UI */,
				BB551ED12886BBA600F47DFB /* KeepAlive */,
				BBA97C02284CCC83000F5C34 /* Storage */,
				BBA97B94284B7D83000F5C34 /* EventBus.swift */,
				BBCE0209286C2727008B2E5E /* Statistics.swift */,
				BBCE020B286C285C008B2E5E /* Preference.swift */,
				BBB6C93F288A7107008A54B2 /* Alerter.swift */,
				BB84230E28854B7D000B2920 /* Utils.swift */,
				BBE5496328573B6B0004EBED /* LocalNotificationManager.swift */,
				BB2D936E284A669D0065BD20 /* Info.plist */,
				BB1D47BB284A448400FC42ED /* Assets.xcassets */,
				BB84231028854CBD000B2920 /* Color.xcassets */,
				BB2D936F284A69670065BD20 /* DebugTool.swift */,
				BB1D47BD284A448400FC42ED /* Preview Content */,
			);
			path = LessPhone;
			sourceTree = "<group>";
		};
		BB1D47BD284A448400FC42ED /* Preview Content */ = {
			isa = PBXGroup;
			children = (
				BB1D47BE284A448400FC42ED /* Preview Assets.xcassets */,
			);
			path = "Preview Content";
			sourceTree = "<group>";
		};
		BB551ED12886BBA600F47DFB /* KeepAlive */ = {
			isa = PBXGroup;
			children = (
				BB551ED22886BC0F00F47DFB /* WhatYouWant.mp3 */,
				BB1D47C5284A50D700FC42ED /* KeepAliveManager.swift */,
				BB551ECF2886BB9600F47DFB /* AudioManager.swift */,
			);
			path = KeepAlive;
			sourceTree = "<group>";
		};
		BB551ED42886D5BD00F47DFB /* UI */ = {
			isa = PBXGroup;
			children = (
				BB1D47B9284A448100FC42ED /* ContentView.swift */,
				BB84230628814590000B2920 /* CardPage */,
				BB8423072881459A000B2920 /* Preference */,
				BB842314288552BA000B2920 /* UIWidget */,
			);
			path = UI;
			sourceTree = "<group>";
		};
		BB84230628814590000B2920 /* CardPage */ = {
			isa = PBXGroup;
			children = (
				BB842308288145CC000B2920 /* MainCardView.swift */,
				BB48F97E2885565E009709BD /* CardView.swift */,
			);
			path = CardPage;
			sourceTree = "<group>";
		};
		BB8423072881459A000B2920 /* Preference */ = {
			isa = PBXGroup;
			children = (
				BB84230A288145E9000B2920 /* PreferenceView.swift */,
			);
			path = Preference;
			sourceTree = "<group>";
		};
		BB842314288552BA000B2920 /* UIWidget */ = {
			isa = PBXGroup;
			children = (
				BB842312288551DF000B2920 /* CircularProgressView.swift */,
				BB48F97A288555FC009709BD /* CustomPickerView.swift */,
				BB551ED52886D67900F47DFB /* CustomCheckBoxListView.swift */,
				BB551ED72887E86E00F47DFB /* UITools.swift */,
				BB551ED92888273C00F47DFB /* PickerView.swift */,
				BB551EDB2888299A00F47DFB /* SwiftUIPickerView.swift */,
			);
			path = UIWidget;
			sourceTree = "<group>";
		};
		BBA97C02284CCC83000F5C34 /* Storage */ = {
			isa = PBXGroup;
			children = (
				BBA97BFD284CC626000F5C34 /* LPCoreData.xcdatamodeld */,
				BBA97C00284CCC2D000F5C34 /* CoreDataManager.swift */,
				BBA97B96284CA60E000F5C34 /* Storage.swift */,
				BBCE0204286AE0A0008B2E5E /* EventItem+CoreDataClass.swift */,
				BBCE0205286AE0A0008B2E5E /* EventItem+CoreDataProperties.swift */,
			);
			path = Storage;
			sourceTree = "<group>";
		};
/* End PBXGroup section */

/* Begin PBXNativeTarget section */
		BB1D47B3284A448100FC42ED /* LessPhone */ = {
			isa = PBXNativeTarget;
			buildConfigurationList = BB1D47C2284A448400FC42ED /* Build configuration list for PBXNativeTarget "LessPhone" */;
			buildPhases = (
				BB1D47B0284A448100FC42ED /* Sources */,
				BB1D47B1284A448100FC42ED /* Frameworks */,
				BB1D47B2284A448100FC42ED /* Resources */,
			);
			buildRules = (
			);
			dependencies = (
			);
			name = LessPhone;
			productName = LessPhone;
			productReference = BB1D47B4284A448100FC42ED /* LessPhone.app */;
			productType = "com.apple.product-type.application";
		};
/* End PBXNativeTarget section */

/* Begin PBXProject section */
		BB1D47AC284A448100FC42ED /* Project object */ = {
			isa = PBXProject;
			attributes = {
				BuildIndependentTargetsInParallel = 1;
				LastSwiftUpdateCheck = 1330;
				LastUpgradeCheck = 1330;
				TargetAttributes = {
					BB1D47B3284A448100FC42ED = {
						CreatedOnToolsVersion = 13.3.1;
					};
				};
			};
			buildConfigurationList = BB1D47AF284A448100FC42ED /* Build configuration list for PBXProject "LessPhone" */;
			compatibilityVersion = "Xcode 13.0";
			developmentRegion = en;
			hasScannedForEncodings = 0;
			knownRegions = (
				en,
				Base,
			);
			mainGroup = BB1D47AB284A448100FC42ED;
			productRefGroup = BB1D47B5284A448100FC42ED /* Products */;
			projectDirPath = "";
			projectRoot = "";
			targets = (
				BB1D47B3284A448100FC42ED /* LessPhone */,
			);
		};
/* End PBXProject section */

/* Begin PBXResourcesBuildPhase section */
		BB1D47B2284A448100FC42ED /* Resources */ = {
			isa = PBXResourcesBuildPhase;
			buildActionMask = 2147483647;
			files = (
				BB551ED32886BC0F00F47DFB /* WhatYouWant.mp3 in Resources */,
				BB84231128854CBD000B2920 /* Color.xcassets in Resources */,
				BB1D47BF284A448400FC42ED /* Preview Assets.xcassets in Resources */,
				BB1D47BC284A448400FC42ED /* Assets.xcassets in Resources */,
			);
			runOnlyForDeploymentPostprocessing = 0;
		};
/* End PBXResourcesBuildPhase section */

/* Begin PBXSourcesBuildPhase section */
		BB1D47B0284A448100FC42ED /* Sources */ = {
			isa = PBXSourcesBuildPhase;
			buildActionMask = 2147483647;
			files = (
				BB1D47BA284A448100FC42ED /* ContentView.swift in Sources */,
				BBCE020C286C285C008B2E5E /* Preference.swift in Sources */,
				BB48F97B288555FC009709BD /* CustomPickerView.swift in Sources */,
				BB551ED82887E86E00F47DFB /* UITools.swift in Sources */,
				BB84230B288145E9000B2920 /* PreferenceView.swift in Sources */,
				BBCE0206286AE0A0008B2E5E /* EventItem+CoreDataClass.swift in Sources */,
				BB551EDC2888299A00F47DFB /* SwiftUIPickerView.swift in Sources */,
				BBA97B95284B7D83000F5C34 /* EventBus.swift in Sources */,
				BB1D47B8284A448100FC42ED /* LessPhoneApp.swift in Sources */,
				BB48F97F2885565E009709BD /* CardView.swift in Sources */,
				BB842309288145CC000B2920 /* MainCardView.swift in Sources */,
				BBB6C940288A7107008A54B2 /* Alerter.swift in Sources */,
				BB1D47C6284A50D700FC42ED /* KeepAliveManager.swift in Sources */,
				BB2D9370284A69670065BD20 /* DebugTool.swift in Sources */,
				BBA97BFF284CC626000F5C34 /* LPCoreData.xcdatamodeld in Sources */,
				BB551EDA2888273C00F47DFB /* PickerView.swift in Sources */,
				BB842313288551DF000B2920 /* CircularProgressView.swift in Sources */,
				BBE5496428573B6B0004EBED /* LocalNotificationManager.swift in Sources */,
				BBA97C01284CCC2D000F5C34 /* CoreDataManager.swift in Sources */,
				BBCE0207286AE0A0008B2E5E /* EventItem+CoreDataProperties.swift in Sources */,
				BB551ED62886D67900F47DFB /* CustomCheckBoxListView.swift in Sources */,
				BB84230F28854B7D000B2920 /* Utils.swift in Sources */,
				BBCE020A286C2727008B2E5E /* Statistics.swift in Sources */,
				BB551ED02886BB9600F47DFB /* AudioManager.swift in Sources */,
				BBA97B97284CA60E000F5C34 /* Storage.swift in Sources */,
			);
			runOnlyForDeploymentPostprocessing = 0;
		};
/* End PBXSourcesBuildPhase section */

/* Begin XCBuildConfiguration section */
		BB1D47C0284A448400FC42ED /* Debug */ = {
			isa = XCBuildConfiguration;
			buildSettings = {
				ALWAYS_SEARCH_USER_PATHS = NO;
				CLANG_ANALYZER_NONNULL = YES;
				CLANG_ANALYZER_NUMBER_OBJECT_CONVERSION = YES_AGGRESSIVE;
				CLANG_CXX_LANGUAGE_STANDARD = "gnu++17";
				CLANG_ENABLE_MODULES = YES;
				CLANG_ENABLE_OBJC_ARC = YES;
				CLANG_ENABLE_OBJC_WEAK = YES;
				CLANG_WARN_BLOCK_CAPTURE_AUTORELEASING = YES;
				CLANG_WARN_BOOL_CONVERSION = YES;
				CLANG_WARN_COMMA = YES;
				CLANG_WARN_CONSTANT_CONVERSION = YES;
				CLANG_WARN_DEPRECATED_OBJC_IMPLEMENTATIONS = YES;
				CLANG_WARN_DIRECT_OBJC_ISA_USAGE = YES_ERROR;
				CLANG_WARN_DOCUMENTATION_COMMENTS = YES;
				CLANG_WARN_EMPTY_BODY = YES;
				CLANG_WARN_ENUM_CONVERSION = YES;
				CLANG_WARN_INFINITE_RECURSION = YES;
				CLANG_WARN_INT_CONVERSION = YES;
				CLANG_WARN_NON_LITERAL_NULL_CONVERSION = YES;
				CLANG_WARN_OBJC_IMPLICIT_RETAIN_SELF = YES;
				CLANG_WARN_OBJC_LITERAL_CONVERSION = YES;
				CLANG_WARN_OBJC_ROOT_CLASS = YES_ERROR;
				CLANG_WARN_QUOTED_INCLUDE_IN_FRAMEWORK_HEADER = YES;
				CLANG_WARN_RANGE_LOOP_ANALYSIS = YES;
				CLANG_WARN_STRICT_PROTOTYPES = YES;
				CLANG_WARN_SUSPICIOUS_MOVE = YES;
				CLANG_WARN_UNGUARDED_AVAILABILITY = YES_AGGRESSIVE;
				CLANG_WARN_UNREACHABLE_CODE = YES;
				CLANG_WARN__DUPLICATE_METHOD_MATCH = YES;
				COPY_PHASE_STRIP = NO;
				DEBUG_INFORMATION_FORMAT = dwarf;
				ENABLE_STRICT_OBJC_MSGSEND = YES;
				ENABLE_TESTABILITY = YES;
				GCC_C_LANGUAGE_STANDARD = gnu11;
				GCC_DYNAMIC_NO_PIC = NO;
				GCC_NO_COMMON_BLOCKS = YES;
				GCC_OPTIMIZATION_LEVEL = 0;
				GCC_PREPROCESSOR_DEFINITIONS = (
					"DEBUG=1",
					"$(inherited)",
				);
				GCC_WARN_64_TO_32_BIT_CONVERSION = YES;
				GCC_WARN_ABOUT_RETURN_TYPE = YES_ERROR;
				GCC_WARN_UNDECLARED_SELECTOR = YES;
				GCC_WARN_UNINITIALIZED_AUTOS = YES_AGGRESSIVE;
				GCC_WARN_UNUSED_FUNCTION = YES;
				GCC_WARN_UNUSED_VARIABLE = YES;
				IPHONEOS_DEPLOYMENT_TARGET = 15.4;
				MTL_ENABLE_DEBUG_INFO = INCLUDE_SOURCE;
				MTL_FAST_MATH = YES;
				ONLY_ACTIVE_ARCH = YES;
				SDKROOT = iphoneos;
				SWIFT_ACTIVE_COMPILATION_CONDITIONS = DEBUG;
				SWIFT_OPTIMIZATION_LEVEL = "-Onone";
			};
			name = Debug;
		};
		BB1D47C1284A448400FC42ED /* Release */ = {
			isa = XCBuildConfiguration;
			buildSettings = {
				ALWAYS_SEARCH_USER_PATHS = NO;
				CLANG_ANALYZER_NONNULL = YES;
				CLANG_ANALYZER_NUMBER_OBJECT_CONVERSION = YES_AGGRESSIVE;
				CLANG_CXX_LANGUAGE_STANDARD = "gnu++17";
				CLANG_ENABLE_MODULES = YES;
				CLANG_ENABLE_OBJC_ARC = YES;
				CLANG_ENABLE_OBJC_WEAK = YES;
				CLANG_WARN_BLOCK_CAPTURE_AUTORELEASING = YES;
				CLANG_WARN_BOOL_CONVERSION = YES;
				CLANG_WARN_COMMA = YES;
				CLANG_WARN_CONSTANT_CONVERSION = YES;
				CLANG_WARN_DEPRECATED_OBJC_IMPLEMENTATIONS = YES;
				CLANG_WARN_DIRECT_OBJC_ISA_USAGE = YES_ERROR;
				CLANG_WARN_DOCUMENTATION_COMMENTS = YES;
				CLANG_WARN_EMPTY_BODY = YES;
				CLANG_WARN_ENUM_CONVERSION = YES;
				CLANG_WARN_INFINITE_RECURSION = YES;
				CLANG_WARN_INT_CONVERSION = YES;
				CLANG_WARN_NON_LITERAL_NULL_CONVERSION = YES;
				CLANG_WARN_OBJC_IMPLICIT_RETAIN_SELF = YES;
				CLANG_WARN_OBJC_LITERAL_CONVERSION = YES;
				CLANG_WARN_OBJC_ROOT_CLASS = YES_ERROR;
				CLANG_WARN_QUOTED_INCLUDE_IN_FRAMEWORK_HEADER = YES;
				CLANG_WARN_RANGE_LOOP_ANALYSIS = YES;
				CLANG_WARN_STRICT_PROTOTYPES = YES;
				CLANG_WARN_SUSPICIOUS_MOVE = YES;
				CLANG_WARN_UNGUARDED_AVAILABILITY = YES_AGGRESSIVE;
				CLANG_WARN_UNREACHABLE_CODE = YES;
				CLANG_WARN__DUPLICATE_METHOD_MATCH = YES;
				COPY_PHASE_STRIP = NO;
				DEBUG_INFORMATION_FORMAT = "dwarf-with-dsym";
				ENABLE_NS_ASSERTIONS = NO;
				ENABLE_STRICT_OBJC_MSGSEND = YES;
				GCC_C_LANGUAGE_STANDARD = gnu11;
				GCC_NO_COMMON_BLOCKS = YES;
				GCC_WARN_64_TO_32_BIT_CONVERSION = YES;
				GCC_WARN_ABOUT_RETURN_TYPE = YES_ERROR;
				GCC_WARN_UNDECLARED_SELECTOR = YES;
				GCC_WARN_UNINITIALIZED_AUTOS = YES_AGGRESSIVE;
				GCC_WARN_UNUSED_FUNCTION = YES;
				GCC_WARN_UNUSED_VARIABLE = YES;
				IPHONEOS_DEPLOYMENT_TARGET = 15.4;
				MTL_ENABLE_DEBUG_INFO = NO;
				MTL_FAST_MATH = YES;
				SDKROOT = iphoneos;
				SWIFT_COMPILATION_MODE = wholemodule;
				SWIFT_OPTIMIZATION_LEVEL = "-O";
				VALIDATE_PRODUCT = YES;
			};
			name = Release;
		};
		BB1D47C3284A448400FC42ED /* Debug */ = {
			isa = XCBuildConfiguration;
			buildSettings = {
				ASSETCATALOG_COMPILER_APPICON_NAME = AppIcon;
				ASSETCATALOG_COMPILER_GLOBAL_ACCENT_COLOR_NAME = AccentColor;
				CODE_SIGN_STYLE = Automatic;
				CURRENT_PROJECT_VERSION = 1;
				DEVELOPMENT_ASSET_PATHS = "\"LessPhone/Preview Content\"";
				DEVELOPMENT_TEAM = 79RX5J89VM;
				ENABLE_PREVIEWS = YES;
				GENERATE_INFOPLIST_FILE = YES;
				INFOPLIST_FILE = LessPhone/Info.plist;
				INFOPLIST_KEY_NSLocationAlwaysAndWhenInUseUsageDescription = "请开启始终允许使用位置权限确保数据统计准确性";
				INFOPLIST_KEY_NSLocationAlwaysUsageDescription = "请开启始终允许使用位置权限确保数据统计准确性";
				INFOPLIST_KEY_NSLocationWhenInUseUsageDescription = "请开启始终允许使用位置权限确保数据统计准确性";
				INFOPLIST_KEY_NSMotionUsageDescription = "请允许访问健康数据，确保移动统计数据准确性";
				INFOPLIST_KEY_NSUserTrackingUsageDescription = "";
				INFOPLIST_KEY_UIApplicationSceneManifest_Generation = YES;
				INFOPLIST_KEY_UIApplicationSupportsIndirectInputEvents = YES;
				INFOPLIST_KEY_UILaunchScreen_Generation = YES;
				INFOPLIST_KEY_UISupportedInterfaceOrientations_iPad = "UIInterfaceOrientationPortrait UIInterfaceOrientationPortraitUpsideDown UIInterfaceOrientationLandscapeLeft UIInterfaceOrientationLandscapeRight";
				INFOPLIST_KEY_UISupportedInterfaceOrientations_iPhone = "UIInterfaceOrientationPortrait UIInterfaceOrientationLandscapeLeft UIInterfaceOrientationLandscapeRight";
				LD_RUNPATH_SEARCH_PATHS = (
					"$(inherited)",
					"@executable_path/Frameworks",
				);
				MARKETING_VERSION = 1.0;
				PRODUCT_BUNDLE_IDENTIFIER = melon.luke.lessphone;
				PRODUCT_NAME = "$(TARGET_NAME)";
				SWIFT_EMIT_LOC_STRINGS = YES;
				SWIFT_VERSION = 5.0;
				TARGETED_DEVICE_FAMILY = "1,2";
			};
			name = Debug;
		};
		BB1D47C4284A448400FC42ED /* Release */ = {
			isa = XCBuildConfiguration;
			buildSettings = {
				ASSETCATALOG_COMPILER_APPICON_NAME = AppIcon;
				ASSETCATALOG_COMPILER_GLOBAL_ACCENT_COLOR_NAME = AccentColor;
				CODE_SIGN_STYLE = Automatic;
				CURRENT_PROJECT_VERSION = 1;
				DEVELOPMENT_ASSET_PATHS = "\"LessPhone/Preview Content\"";
				DEVELOPMENT_TEAM = 79RX5J89VM;
				ENABLE_PREVIEWS = YES;
				GENERATE_INFOPLIST_FILE = YES;
				INFOPLIST_FILE = LessPhone/Info.plist;
				INFOPLIST_KEY_NSLocationAlwaysAndWhenInUseUsageDescription = "请开启始终允许使用位置权限确保数据统计准确性";
				INFOPLIST_KEY_NSLocationAlwaysUsageDescription = "请开启始终允许使用位置权限确保数据统计准确性";
				INFOPLIST_KEY_NSLocationWhenInUseUsageDescription = "请开启始终允许使用位置权限确保数据统计准确性";
				INFOPLIST_KEY_NSMotionUsageDescription = "请允许访问健康数据，确保移动统计数据准确性";
				INFOPLIST_KEY_NSUserTrackingUsageDescription = "";
				INFOPLIST_KEY_UIApplicationSceneManifest_Generation = YES;
				INFOPLIST_KEY_UIApplicationSupportsIndirectInputEvents = YES;
				INFOPLIST_KEY_UILaunchScreen_Generation = YES;
				INFOPLIST_KEY_UISupportedInterfaceOrientations_iPad = "UIInterfaceOrientationPortrait UIInterfaceOrientationPortraitUpsideDown UIInterfaceOrientationLandscapeLeft UIInterfaceOrientationLandscapeRight";
				INFOPLIST_KEY_UISupportedInterfaceOrientations_iPhone = "UIInterfaceOrientationPortrait UIInterfaceOrientationLandscapeLeft UIInterfaceOrientationLandscapeRight";
				LD_RUNPATH_SEARCH_PATHS = (
					"$(inherited)",
					"@executable_path/Frameworks",
				);
				MARKETING_VERSION = 1.0;
				PRODUCT_BUNDLE_IDENTIFIER = melon.luke.lessphone;
				PRODUCT_NAME = "$(TARGET_NAME)";
				SWIFT_EMIT_LOC_STRINGS = YES;
				SWIFT_VERSION = 5.0;
				TARGETED_DEVICE_FAMILY = "1,2";
			};
			name = Release;
		};
/* End XCBuildConfiguration section */

/* Begin XCConfigurationList section */
		BB1D47AF284A448100FC42ED /* Build configuration list for PBXProject "LessPhone" */ = {
			isa = XCConfigurationList;
			buildConfigurations = (
				BB1D47C0284A448400FC42ED /* Debug */,
				BB1D47C1284A448400FC42ED /* Release */,
			);
			defaultConfigurationIsVisible = 0;
			defaultConfigurationName = Release;
		};
		BB1D47C2284A448400FC42ED /* Build configuration list for PBXNativeTarget "LessPhone" */ = {
			isa = XCConfigurationList;
			buildConfigurations = (
				BB1D47C3284A448400FC42ED /* Debug */,
				BB1D47C4284A448400FC42ED /* Release */,
			);
			defaultConfigurationIsVisible = 0;
			defaultConfigurationName = Release;
		};
/* End XCConfigurationList section */

/* Begin XCVersionGroup section */
		BBA97BFD284CC626000F5C34 /* LPCoreData.xcdatamodeld */ = {
			isa = XCVersionGroup;
			children = (
				BBA97BFE284CC626000F5C34 /* CoreDataModel.xcdatamodel */,
			);
			currentVersion = BBA97BFE284CC626000F5C34 /* CoreDataModel.xcdatamodel */;
			path = LPCoreData.xcdatamodeld;
			sourceTree = "<group>";
			versionGroupType = wrapper.xcdatamodel;
		};
/* End XCVersionGroup section */
	};
	rootObject = BB1D47AC284A448100FC42ED /* Project object */;
}
